{"is_source_file": false, "format": null, "description": "", "external_files": [], "external_methods": [], "published": [], "classes": [], "methods": [], "calls": [], "search-terms": [], "state": 2, "file_id": 12, "knowledge_revision": 27, "git_revision": "6f299f31477e4cf172faf7606181df3ec2dd017c", "hash": "e9b4c3b42cef0193b7fddb548d37e652", "format-version": 4, "code-base-name": "default", "filename": "tic_tac_toe_duel/post_process_status.lock", "revision_history": [{"27": "6f299f31477e4cf172faf7606181df3ec2dd017c"}]}